# THIS IS AN AUTOGENERATED FILE. DO NOT EDIT THIS FILE DIRECTLY.
# yarn lockfile v1


jquery-datetimepicker@^2.5.21:
  version "2.5.21"
  resolved "https://registry.yarnpkg.com/jquery-datetimepicker/-/jquery-datetimepicker-2.5.21.tgz#00c388a78df2732fedfdb5c6529b6e84d53e0235"
  integrity sha512-wDTpZ4f1PWd1XGaIIE0n6jLynlm+akBJ7/NjaB1bk2UJSS593CHJPZ3+FNEXoyvNVUeBlBC0oX6WTfCyfUhX/w==
  dependencies:
    jquery ">= 1.7.2"
    jquery-mousewheel ">= 3.1.13"
    php-date-formatter "^1.3.4"

"jquery-mousewheel@>= 3.1.13":
  version "3.1.13"
  resolved "https://registry.yarnpkg.com/jquery-mousewheel/-/jquery-mousewheel-3.1.13.tgz#06f0335f16e353a695e7206bf50503cb523a6ee5"
  integrity sha512-GXhSjfOPyDemM005YCEHvzrEALhKDIswtxSHSR2e4K/suHVJKJxxRCGz3skPjNxjJjQa9AVSGGlYjv1M3VLIPg==

"jquery@>= 1.7.2":
  version "3.7.1"
  resolved "https://registry.yarnpkg.com/jquery/-/jquery-3.7.1.tgz#083ef98927c9a6a74d05a6af02806566d16274de"
  integrity sha512-m4avr8yL8kmFN8psrbFFFmB/If14iN5o9nw/NgnnM+kybDJpRsAynV2BsfpTYrTRysYUdADVD7CkUUizgkpLfg==

php-date-formatter@^1.3.4:
  version "1.3.6"
  resolved "https://registry.yarnpkg.com/php-date-formatter/-/php-date-formatter-1.3.6.tgz#6d67359da890c742005fa89d20be3ded31cc1d2a"
  integrity sha512-/CKsZYmAwXeNh8KpD/CF9hcJDZNhdb2ICN8+qgqOt5sUu9liZIxZ1R284TNj5MtPt8RjG5X0xn6WSqL0kcKMBg==
